{
  "name": "example-groq-diff",
  "version": "1.0.0",
  "lockfileVersion": 3,
  "requires": true,
  "packages": {
    "": {
      "name": "example-groq-diff",
      "version": "1.0.0",
      "license": "ISC",
      "dependencies": {
        "groq-js": "^1.1.9"
      }
    },
    "node_modules/groq-js": {
      "version": "1.1.9",
      "resolved": "https://registry.npmjs.org/groq-js/-/groq-js-1.1.9.tgz",
      "integrity": "sha512-Kml1SgKotOOEmm1rK1w/K4UprIWJ/UU0SzeO2dPy8ab2wcAGfE82X5CTdaD1AMaP+40Ug1gAsVgPF5S2H/fcPw==",
      "engines": {
        "node": ">= 14"
      }
    }
  }
}
